
Microsoft Visual Studio Solution File, Format Version 12.00
Project("{FAE04EC0-301F-11D3-BF4B-00C04F79EFBC}") = "RingCentral.Unhold.Demo", "RingCentral.Unhold.Demo\RingCentral.Unhold.Demo.csproj", "{9BD65A06-B108-499B-AC53-31C08CA58A1E}"
EndProject
Global
	GlobalSection(SolutionConfigurationPlatforms) = preSolution
		Debug|Any CPU = Debug|Any CPU
		Release|Any CPU = Release|Any CPU
	EndGlobalSection
	GlobalSection(ProjectConfigurationPlatforms) = postSolution
		{9BD65A06-B108-499B-AC53-31C08CA58A1E}.Debug|Any CPU.ActiveCfg = Debug|Any CPU
		{9BD65A06-B108-499B-AC53-31C08CA58A1E}.Debug|Any CPU.Build.0 = Debug|Any CPU
		{9BD65A06-B108-499B-AC53-31C08CA58A1E}.Release|Any CPU.ActiveCfg = Release|Any CPU
		{9BD65A06-B108-499B-AC53-31C08CA58A1E}.Release|Any CPU.Build.0 = Release|Any CPU
	EndGlobalSection
EndGlobal
